Microsoft Visual Studio Solution File, Format Version 12.00
# Visual Studio Version 17
VisualStudioVersion = 17.4.33403.182
MinimumVisualStudioVersion = 10.0.40219.1
Project("{9A19103F-16F7-4668-BE54-9A1E7A4F7556}") = "Apache.Arrow.Adbc", "src\Apache.Arrow.Adbc\Apache.Arrow.Adbc.csproj", "{232F2EC7-5FD3-4E0B-89FF-317A15CF698F}"
EndProject
Project("{9A19103F-16F7-4668-BE54-9A1E7A4F7556}") = "Apache.Arrow.Adbc.Tests", "test\Apache.Arrow.Adbc.Tests\Apache.Arrow.Adbc.Tests.csproj", "{00C143BA-F1CF-4117-9DE6-E73DC4D208F8}"
EndProject
Project("{2150E333-8FDC-42A3-9474-1A3956D46DE8}") = "Tests", "Tests", "{5BD04C26-CE52-4893-8C1A-479705195CEF}"
EndProject
Project("{2150E333-8FDC-42A3-9474-1A3956D46DE8}") = "Drivers", "Drivers", "{FEB257A0-4FD3-495E-9A47-9E1649755445}"
EndProject
Project("{2150E333-8FDC-42A3-9474-1A3956D46DE8}") = "Drivers", "Drivers", "{C7290227-E925-47E7-8B6B-A8B171645D58}"
EndProject
Project("{2150E333-8FDC-42A3-9474-1A3956D46DE8}") = "Client", "Client", "{B6111602-2DC4-4B2F-9598-E3EE1972D3E4}"
EndProject
Project("{9A19103F-16F7-4668-BE54-9A1E7A4F7556}") = "Apache.Arrow.Adbc.Client", "src\Client\Apache.Arrow.Adbc.Client.csproj", "{A405F4A0-5938-4139-B2DF-ED9A05EC3D7C}"
EndProject
Project("{9A19103F-16F7-4668-BE54-9A1E7A4F7556}") = "Apache.Arrow.Adbc.Drivers.BigQuery", "src\Drivers\BigQuery\Apache.Arrow.Adbc.Drivers.BigQuery.csproj", "{A748041C-EF9A-4E88-B6FB-9F2D6CB79170}"
EndProject
Project("{9A19103F-16F7-4668-BE54-9A1E7A4F7556}") = "Apache.Arrow.Adbc.Tests.Drivers.BigQuery", "test\Drivers\BigQuery\Apache.Arrow.Adbc.Tests.Drivers.BigQuery.csproj", "{EA43BB7C-BC00-4701-BDF4-367880C2495C}"
EndProject
Project("{9A19103F-16F7-4668-BE54-9A1E7A4F7556}") = "Apache.Arrow.Adbc.Drivers.Interop.Snowflake", "src\Drivers\Interop\Snowflake\Apache.Arrow.Adbc.Drivers.Interop.Snowflake.csproj", "{30024B6F-7BC1-4574-BE5A-924FBD6EAF83}"
EndProject
Project("{9A19103F-16F7-4668-BE54-9A1E7A4F7556}") = "Apache.Arrow.Adbc.Tests.Drivers.Interop.Snowflake", "test\Drivers\Interop\Snowflake\Apache.Arrow.Adbc.Tests.Drivers.Interop.Snowflake.csproj", "{8BE1EECC-3ACF-41B2-AF7D-1A67196FF6C7}"
EndProject
Project("{9A19103F-16F7-4668-BE54-9A1E7A4F7556}") = "Apache.Arrow.Adbc.Drivers.Apache", "src\Drivers\Apache\Apache.Arrow.Adbc.Drivers.Apache.csproj", "{6C0D8BE1-4A23-4C2F-88B1-D2FBEA0B1903}"
EndProject
Project("{9A19103F-16F7-4668-BE54-9A1E7A4F7556}") = "Apache.Arrow.Adbc.Tests.Drivers.Apache", "test\Drivers\Apache\Apache.Arrow.Adbc.Tests.Drivers.Apache.csproj", "{714F0BD2-3A92-4D1A-8FAC-D0C0599BE3E3}"
EndProject
Project("{9A19103F-16F7-4668-BE54-9A1E7A4F7556}") = "Apache.Arrow.Adbc.Drivers.Interop.FlightSql", "src\Drivers\Interop\FlightSql\Apache.Arrow.Adbc.Drivers.Interop.FlightSql.csproj", "{4076D7E9-728D-4DF4-999F-658784957648}"
EndProject
Project("{9A19103F-16F7-4668-BE54-9A1E7A4F7556}") = "Apache.Arrow.Adbc.Tests.Drivers.Interop.FlightSql", "test\Drivers\Interop\FlightSql\Apache.Arrow.Adbc.Tests.Drivers.Interop.FlightSql.csproj", "{C5503227-C5A7-406F-83AA-681F292EA61F}"
EndProject
Project("{9A19103F-16F7-4668-BE54-9A1E7A4F7556}") = "Apache.Arrow.Adbc.Drivers.FlightSql", "src\Drivers\FlightSql\Apache.Arrow.Adbc.Drivers.FlightSql.csproj", "{77D5A92F-4136-4DE7-81F4-43B981223280}"
EndProject
Project("{9A19103F-16F7-4668-BE54-9A1E7A4F7556}") = "Apache.Arrow.Adbc.Tests.Drivers.FlightSql", "test\Drivers\FlightSql\Apache.Arrow.Adbc.Tests.Drivers.FlightSql.csproj", "{5B27FB02-D4AE-4ACB-AD88-5E64EEB61729}"
EndProject
Project("{FAE04EC0-301F-11D3-BF4B-00C04F79EFBC}") = "Benchmarks", "Benchmarks\Benchmarks.csproj", "{BAF2CF14-BA77-429E-AF54-A34B978E9F5C}"
EndProject
Project("{FAE04EC0-301F-11D3-BF4B-00C04F79EFBC}") = "Apache.Arrow.Adbc.Drivers.Databricks", "src\Drivers\Databricks\Apache.Arrow.Adbc.Drivers.Databricks.csproj", "{25042111-6B86-8B75-7EF6-5BFAA36F72B1}"
EndProject
Project("{FAE04EC0-301F-11D3-BF4B-00C04F79EFBC}") = "Apache.Arrow.Adbc.Tests.Drivers.Databricks", "test\Drivers\Databricks\Apache.Arrow.Adbc.Tests.Drivers.Databricks.csproj", "{BA07EB2C-5246-EB72-153C-493C7E7412D2}"
EndProject
Global
	GlobalSection(SolutionConfigurationPlatforms) = preSolution
		Debug|Any CPU = Debug|Any CPU
		Release|Any CPU = Release|Any CPU
	EndGlobalSection
	GlobalSection(ProjectConfigurationPlatforms) = postSolution
		{232F2EC7-5FD3-4E0B-89FF-317A15CF698F}.Debug|Any CPU.ActiveCfg = Debug|Any CPU
		{232F2EC7-5FD3-4E0B-89FF-317A15CF698F}.Debug|Any CPU.Build.0 = Debug|Any CPU
		{232F2EC7-5FD3-4E0B-89FF-317A15CF698F}.Release|Any CPU.ActiveCfg = Release|Any CPU
		{232F2EC7-5FD3-4E0B-89FF-317A15CF698F}.Release|Any CPU.Build.0 = Release|Any CPU
		{00C143BA-F1CF-4117-9DE6-E73DC4D208F8}.Debug|Any CPU.ActiveCfg = Debug|Any CPU
		{00C143BA-F1CF-4117-9DE6-E73DC4D208F8}.Debug|Any CPU.Build.0 = Debug|Any CPU
		{00C143BA-F1CF-4117-9DE6-E73DC4D208F8}.Release|Any CPU.ActiveCfg = Release|Any CPU
		{00C143BA-F1CF-4117-9DE6-E73DC4D208F8}.Release|Any CPU.Build.0 = Release|Any CPU
		{A405F4A0-5938-4139-B2DF-ED9A05EC3D7C}.Debug|Any CPU.ActiveCfg = Debug|Any CPU
		{A405F4A0-5938-4139-B2DF-ED9A05EC3D7C}.Debug|Any CPU.Build.0 = Debug|Any CPU
		{A405F4A0-5938-4139-B2DF-ED9A05EC3D7C}.Release|Any CPU.ActiveCfg = Release|Any CPU
		{A405F4A0-5938-4139-B2DF-ED9A05EC3D7C}.Release|Any CPU.Build.0 = Release|Any CPU
		{A748041C-EF9A-4E88-B6FB-9F2D6CB79170}.Debug|Any CPU.ActiveCfg = Debug|Any CPU
		{A748041C-EF9A-4E88-B6FB-9F2D6CB79170}.Debug|Any CPU.Build.0 = Debug|Any CPU
		{A748041C-EF9A-4E88-B6FB-9F2D6CB79170}.Release|Any CPU.ActiveCfg = Release|Any CPU
		{A748041C-EF9A-4E88-B6FB-9F2D6CB79170}.Release|Any CPU.Build.0 = Release|Any CPU
		{EA43BB7C-BC00-4701-BDF4-367880C2495C}.Debug|Any CPU.ActiveCfg = Debug|Any CPU
		{EA43BB7C-BC00-4701-BDF4-367880C2495C}.Debug|Any CPU.Build.0 = Debug|Any CPU
		{EA43BB7C-BC00-4701-BDF4-367880C2495C}.Release|Any CPU.ActiveCfg = Release|Any CPU
		{EA43BB7C-BC00-4701-BDF4-367880C2495C}.Release|Any CPU.Build.0 = Release|Any CPU
		{30024B6F-7BC1-4574-BE5A-924FBD6EAF83}.Debug|Any CPU.ActiveCfg = Debug|Any CPU
		{30024B6F-7BC1-4574-BE5A-924FBD6EAF83}.Debug|Any CPU.Build.0 = Debug|Any CPU
		{30024B6F-7BC1-4574-BE5A-924FBD6EAF83}.Release|Any CPU.ActiveCfg = Release|Any CPU
		{30024B6F-7BC1-4574-BE5A-924FBD6EAF83}.Release|Any CPU.Build.0 = Release|Any CPU
		{8BE1EECC-3ACF-41B2-AF7D-1A67196FF6C7}.Debug|Any CPU.ActiveCfg = Debug|Any CPU
		{8BE1EECC-3ACF-41B2-AF7D-1A67196FF6C7}.Debug|Any CPU.Build.0 = Debug|Any CPU
		{8BE1EECC-3ACF-41B2-AF7D-1A67196FF6C7}.Release|Any CPU.ActiveCfg = Release|Any CPU
		{8BE1EECC-3ACF-41B2-AF7D-1A67196FF6C7}.Release|Any CPU.Build.0 = Release|Any CPU
		{6C0D8BE1-4A23-4C2F-88B1-D2FBEA0B1903}.Debug|Any CPU.ActiveCfg = Debug|Any CPU
		{6C0D8BE1-4A23-4C2F-88B1-D2FBEA0B1903}.Debug|Any CPU.Build.0 = Debug|Any CPU
		{6C0D8BE1-4A23-4C2F-88B1-D2FBEA0B1903}.Release|Any CPU.ActiveCfg = Release|Any CPU
		{6C0D8BE1-4A23-4C2F-88B1-D2FBEA0B1903}.Release|Any CPU.Build.0 = Release|Any CPU
		{714F0BD2-3A92-4D1A-8FAC-D0C0599BE3E3}.Debug|Any CPU.ActiveCfg = Debug|Any CPU
		{714F0BD2-3A92-4D1A-8FAC-D0C0599BE3E3}.Debug|Any CPU.Build.0 = Debug|Any CPU
		{714F0BD2-3A92-4D1A-8FAC-D0C0599BE3E3}.Release|Any CPU.ActiveCfg = Release|Any CPU
		{714F0BD2-3A92-4D1A-8FAC-D0C0599BE3E3}.Release|Any CPU.Build.0 = Release|Any CPU
		{4076D7E9-728D-4DF4-999F-658784957648}.Debug|Any CPU.ActiveCfg = Debug|Any CPU
		{4076D7E9-728D-4DF4-999F-658784957648}.Debug|Any CPU.Build.0 = Debug|Any CPU
		{4076D7E9-728D-4DF4-999F-658784957648}.Release|Any CPU.ActiveCfg = Release|Any CPU
		{4076D7E9-728D-4DF4-999F-658784957648}.Release|Any CPU.Build.0 = Release|Any CPU
		{C5503227-C5A7-406F-83AA-681F292EA61F}.Debug|Any CPU.ActiveCfg = Debug|Any CPU
		{C5503227-C5A7-406F-83AA-681F292EA61F}.Debug|Any CPU.Build.0 = Debug|Any CPU
		{C5503227-C5A7-406F-83AA-681F292EA61F}.Release|Any CPU.ActiveCfg = Release|Any CPU
		{C5503227-C5A7-406F-83AA-681F292EA61F}.Release|Any CPU.Build.0 = Release|Any CPU
		{77D5A92F-4136-4DE7-81F4-43B981223280}.Debug|Any CPU.ActiveCfg = Debug|Any CPU
		{77D5A92F-4136-4DE7-81F4-43B981223280}.Debug|Any CPU.Build.0 = Debug|Any CPU
		{77D5A92F-4136-4DE7-81F4-43B981223280}.Release|Any CPU.ActiveCfg = Release|Any CPU
		{77D5A92F-4136-4DE7-81F4-43B981223280}.Release|Any CPU.Build.0 = Release|Any CPU
		{5B27FB02-D4AE-4ACB-AD88-5E64EEB61729}.Debug|Any CPU.ActiveCfg = Debug|Any CPU
		{5B27FB02-D4AE-4ACB-AD88-5E64EEB61729}.Debug|Any CPU.Build.0 = Debug|Any CPU
		{5B27FB02-D4AE-4ACB-AD88-5E64EEB61729}.Release|Any CPU.ActiveCfg = Release|Any CPU
		{5B27FB02-D4AE-4ACB-AD88-5E64EEB61729}.Release|Any CPU.Build.0 = Release|Any CPU
		{BAF2CF14-BA77-429E-AF54-A34B978E9F5C}.Debug|Any CPU.ActiveCfg = Debug|Any CPU
		{BAF2CF14-BA77-429E-AF54-A34B978E9F5C}.Debug|Any CPU.Build.0 = Debug|Any CPU
		{BAF2CF14-BA77-429E-AF54-A34B978E9F5C}.Release|Any CPU.ActiveCfg = Release|Any CPU
		{BAF2CF14-BA77-429E-AF54-A34B978E9F5C}.Release|Any CPU.Build.0 = Release|Any CPU
		{25042111-6B86-8B75-7EF6-5BFAA36F72B1}.Debug|Any CPU.ActiveCfg = Debug|Any CPU
		{25042111-6B86-8B75-7EF6-5BFAA36F72B1}.Debug|Any CPU.Build.0 = Debug|Any CPU
		{25042111-6B86-8B75-7EF6-5BFAA36F72B1}.Release|Any CPU.ActiveCfg = Release|Any CPU
		{25042111-6B86-8B75-7EF6-5BFAA36F72B1}.Release|Any CPU.Build.0 = Release|Any CPU
		{BA07EB2C-5246-EB72-153C-493C7E7412D2}.Debug|Any CPU.ActiveCfg = Debug|Any CPU
		{BA07EB2C-5246-EB72-153C-493C7E7412D2}.Debug|Any CPU.Build.0 = Debug|Any CPU
		{BA07EB2C-5246-EB72-153C-493C7E7412D2}.Release|Any CPU.ActiveCfg = Release|Any CPU
		{BA07EB2C-5246-EB72-153C-493C7E7412D2}.Release|Any CPU.Build.0 = Release|Any CPU
	EndGlobalSection
	GlobalSection(SolutionProperties) = preSolution
		HideSolutionNode = FALSE
	EndGlobalSection
	GlobalSection(NestedProjects) = preSolution
		{00C143BA-F1CF-4117-9DE6-E73DC4D208F8} = {5BD04C26-CE52-4893-8C1A-479705195CEF}
		{C7290227-E925-47E7-8B6B-A8B171645D58} = {5BD04C26-CE52-4893-8C1A-479705195CEF}
		{A405F4A0-5938-4139-B2DF-ED9A05EC3D7C} = {B6111602-2DC4-4B2F-9598-E3EE1972D3E4}
		{A748041C-EF9A-4E88-B6FB-9F2D6CB79170} = {FEB257A0-4FD3-495E-9A47-9E1649755445}
		{EA43BB7C-BC00-4701-BDF4-367880C2495C} = {C7290227-E925-47E7-8B6B-A8B171645D58}
		{30024B6F-7BC1-4574-BE5A-924FBD6EAF83} = {FEB257A0-4FD3-495E-9A47-9E1649755445}
		{8BE1EECC-3ACF-41B2-AF7D-1A67196FF6C7} = {C7290227-E925-47E7-8B6B-A8B171645D58}
		{6C0D8BE1-4A23-4C2F-88B1-D2FBEA0B1903} = {FEB257A0-4FD3-495E-9A47-9E1649755445}
		{714F0BD2-3A92-4D1A-8FAC-D0C0599BE3E3} = {C7290227-E925-47E7-8B6B-A8B171645D58}
		{4076D7E9-728D-4DF4-999F-658784957648} = {FEB257A0-4FD3-495E-9A47-9E1649755445}
		{C5503227-C5A7-406F-83AA-681F292EA61F} = {C7290227-E925-47E7-8B6B-A8B171645D58}
		{77D5A92F-4136-4DE7-81F4-43B981223280} = {FEB257A0-4FD3-495E-9A47-9E1649755445}
		{5B27FB02-D4AE-4ACB-AD88-5E64EEB61729} = {C7290227-E925-47E7-8B6B-A8B171645D58}
		{BAF2CF14-BA77-429E-AF54-A34B978E9F5C} = {5BD04C26-CE52-4893-8C1A-479705195CEF}
		{25042111-6B86-8B75-7EF6-5BFAA36F72B1} = {FEB257A0-4FD3-495E-9A47-9E1649755445}
		{BA07EB2C-5246-EB72-153C-493C7E7412D2} = {C7290227-E925-47E7-8B6B-A8B171645D58}
	EndGlobalSection
	GlobalSection(ExtensibilityGlobals) = postSolution
		SolutionGuid = {4795CF16-0FDB-4BE0-9768-5CF31564DC03}
	EndGlobalSection
EndGlobal
