Microsoft Visual Studio Solution File, Format Version 12.00
# Visual Studio Version 17
VisualStudioVersion = 17.4.33403.182
MinimumVisualStudioVersion = 10.0.40219.1
Project("{9A19103F-16F7-4668-BE54-9A1E7A4F7556}") = "Apache.Arrow.Adbc", "src\Apache.Arrow.Adbc\Apache.Arrow.Adbc.csproj", "{232F2EC7-5FD3-4E0B-89FF-317A15CF698F}"
EndProject
Project("{2150E333-8FDC-42A3-9474-1A3956D46DE8}") = "Arrow", "Arrow", "{9ADA26E0-F328-4466-908A-2FA506DBDF7D}"
EndProject
Project("{9A19103F-16F7-4668-BE54-9A1E7A4F7556}") = "Apache.Arrow", "src\arrow\csharp\src\Apache.Arrow\Apache.Arrow.csproj", "{851FBF0D-21A8-4C04-A040-24B6AAE31D2C}"
EndProject
Project("{9A19103F-16F7-4668-BE54-9A1E7A4F7556}") = "Apache.Arrow.Adbc.Tests", "test\Apache.Arrow.Adbc.Tests\Apache.Arrow.Adbc.Tests.csproj", "{00C143BA-F1CF-4117-9DE6-E73DC4D208F8}"
EndProject
Project("{2150E333-8FDC-42A3-9474-1A3956D46DE8}") = "Tests", "Tests", "{5BD04C26-CE52-4893-8C1A-479705195CEF}"
EndProject
Project("{2150E333-8FDC-42A3-9474-1A3956D46DE8}") = "Drivers", "Drivers", "{FEB257A0-4FD3-495E-9A47-9E1649755445}"
EndProject
Project("{9A19103F-16F7-4668-BE54-9A1E7A4F7556}") = "Apache.Arrow.Adbc.Drivers.FlightSql", "src\Drivers\FlightSql\Apache.Arrow.Adbc.Drivers.FlightSql.csproj", "{19AA450A-2F87-49BD-9122-8AD07D4C6DCE}"
EndProject
Project("{2150E333-8FDC-42A3-9474-1A3956D46DE8}") = "Drivers", "Drivers", "{C7290227-E925-47E7-8B6B-A8B171645D58}"
EndProject
Project("{9A19103F-16F7-4668-BE54-9A1E7A4F7556}") = "Apache.Arrow.Adbc.Tests.Drivers.FlightSql", "test\Drivers\FlightSql\Apache.Arrow.Adbc.Tests.Drivers.FlightSql.csproj", "{5C15E79C-19C4-4FF4-BB82-28754FE3966B}"
EndProject
Project("{2150E333-8FDC-42A3-9474-1A3956D46DE8}") = "Client", "Client", "{B6111602-2DC4-4B2F-9598-E3EE1972D3E4}"
EndProject
Project("{9A19103F-16F7-4668-BE54-9A1E7A4F7556}") = "Apache.Arrow.Adbc.Client", "src\Client\Apache.Arrow.Adbc.Client.csproj", "{A405F4A0-5938-4139-B2DF-ED9A05EC3D7C}"
EndProject
Project("{9A19103F-16F7-4668-BE54-9A1E7A4F7556}") = "Apache.Arrow.Adbc.Drivers.BigQuery", "src\Drivers\BigQuery\Apache.Arrow.Adbc.Drivers.BigQuery.csproj", "{A748041C-EF9A-4E88-B6FB-9F2D6CB79170}"
EndProject
Project("{9A19103F-16F7-4668-BE54-9A1E7A4F7556}") = "Apache.Arrow.Adbc.Tests.Drivers.BigQuery", "test\Drivers\BigQuery\Apache.Arrow.Adbc.Tests.Drivers.BigQuery.csproj", "{EA43BB7C-BC00-4701-BDF4-367880C2495C}"
EndProject
Project("{9A19103F-16F7-4668-BE54-9A1E7A4F7556}") = "Apache.Arrow.Adbc.Drivers.Interop.Snowflake", "src\Drivers\Interop\Snowflake\Apache.Arrow.Adbc.Drivers.Interop.Snowflake.csproj", "{30024B6F-7BC1-4574-BE5A-924FBD6EAF83}"
EndProject
Project("{9A19103F-16F7-4668-BE54-9A1E7A4F7556}") = "Apache.Arrow.Adbc.Tests.Drivers.Interop.Snowflake", "test\Drivers\Interop\Snowflake\Apache.Arrow.Adbc.Tests.Drivers.Interop.Snowflake.csproj", "{8BE1EECC-3ACF-41B2-AF7D-1A67196FF6C7}"
EndProject
Project("{9A19103F-16F7-4668-BE54-9A1E7A4F7556}") = "Apache.Arrow.Flight", "src\arrow\csharp\src\Apache.Arrow.Flight\Apache.Arrow.Flight.csproj", "{0F41F702-A691-4E51-96A9-DF9813E47D8F}"
EndProject
Global
	GlobalSection(SolutionConfigurationPlatforms) = preSolution
		Debug|Any CPU = Debug|Any CPU
		Release|Any CPU = Release|Any CPU
	EndGlobalSection
	GlobalSection(ProjectConfigurationPlatforms) = postSolution
		{232F2EC7-5FD3-4E0B-89FF-317A15CF698F}.Debug|Any CPU.ActiveCfg = Debug|Any CPU
		{232F2EC7-5FD3-4E0B-89FF-317A15CF698F}.Debug|Any CPU.Build.0 = Debug|Any CPU
		{232F2EC7-5FD3-4E0B-89FF-317A15CF698F}.Release|Any CPU.ActiveCfg = Release|Any CPU
		{232F2EC7-5FD3-4E0B-89FF-317A15CF698F}.Release|Any CPU.Build.0 = Release|Any CPU
		{851FBF0D-21A8-4C04-A040-24B6AAE31D2C}.Debug|Any CPU.ActiveCfg = Debug|Any CPU
		{851FBF0D-21A8-4C04-A040-24B6AAE31D2C}.Debug|Any CPU.Build.0 = Debug|Any CPU
		{851FBF0D-21A8-4C04-A040-24B6AAE31D2C}.Release|Any CPU.ActiveCfg = Release|Any CPU
		{851FBF0D-21A8-4C04-A040-24B6AAE31D2C}.Release|Any CPU.Build.0 = Release|Any CPU
		{00C143BA-F1CF-4117-9DE6-E73DC4D208F8}.Debug|Any CPU.ActiveCfg = Debug|Any CPU
		{00C143BA-F1CF-4117-9DE6-E73DC4D208F8}.Debug|Any CPU.Build.0 = Debug|Any CPU
		{00C143BA-F1CF-4117-9DE6-E73DC4D208F8}.Release|Any CPU.ActiveCfg = Release|Any CPU
		{00C143BA-F1CF-4117-9DE6-E73DC4D208F8}.Release|Any CPU.Build.0 = Release|Any CPU
		{19AA450A-2F87-49BD-9122-8AD07D4C6DCE}.Debug|Any CPU.ActiveCfg = Debug|Any CPU
		{19AA450A-2F87-49BD-9122-8AD07D4C6DCE}.Debug|Any CPU.Build.0 = Debug|Any CPU
		{19AA450A-2F87-49BD-9122-8AD07D4C6DCE}.Release|Any CPU.ActiveCfg = Release|Any CPU
		{19AA450A-2F87-49BD-9122-8AD07D4C6DCE}.Release|Any CPU.Build.0 = Release|Any CPU
		{5C15E79C-19C4-4FF4-BB82-28754FE3966B}.Debug|Any CPU.ActiveCfg = Debug|Any CPU
		{5C15E79C-19C4-4FF4-BB82-28754FE3966B}.Debug|Any CPU.Build.0 = Debug|Any CPU
		{5C15E79C-19C4-4FF4-BB82-28754FE3966B}.Release|Any CPU.ActiveCfg = Release|Any CPU
		{5C15E79C-19C4-4FF4-BB82-28754FE3966B}.Release|Any CPU.Build.0 = Release|Any CPU
		{A405F4A0-5938-4139-B2DF-ED9A05EC3D7C}.Debug|Any CPU.ActiveCfg = Debug|Any CPU
		{A405F4A0-5938-4139-B2DF-ED9A05EC3D7C}.Debug|Any CPU.Build.0 = Debug|Any CPU
		{A405F4A0-5938-4139-B2DF-ED9A05EC3D7C}.Release|Any CPU.ActiveCfg = Release|Any CPU
		{A405F4A0-5938-4139-B2DF-ED9A05EC3D7C}.Release|Any CPU.Build.0 = Release|Any CPU
		{A748041C-EF9A-4E88-B6FB-9F2D6CB79170}.Debug|Any CPU.ActiveCfg = Debug|Any CPU
		{A748041C-EF9A-4E88-B6FB-9F2D6CB79170}.Debug|Any CPU.Build.0 = Debug|Any CPU
		{A748041C-EF9A-4E88-B6FB-9F2D6CB79170}.Release|Any CPU.ActiveCfg = Release|Any CPU
		{A748041C-EF9A-4E88-B6FB-9F2D6CB79170}.Release|Any CPU.Build.0 = Release|Any CPU
		{EA43BB7C-BC00-4701-BDF4-367880C2495C}.Debug|Any CPU.ActiveCfg = Debug|Any CPU
		{EA43BB7C-BC00-4701-BDF4-367880C2495C}.Debug|Any CPU.Build.0 = Debug|Any CPU
		{EA43BB7C-BC00-4701-BDF4-367880C2495C}.Release|Any CPU.ActiveCfg = Release|Any CPU
		{EA43BB7C-BC00-4701-BDF4-367880C2495C}.Release|Any CPU.Build.0 = Release|Any CPU
		{30024B6F-7BC1-4574-BE5A-924FBD6EAF83}.Debug|Any CPU.ActiveCfg = Debug|Any CPU
		{30024B6F-7BC1-4574-BE5A-924FBD6EAF83}.Debug|Any CPU.Build.0 = Debug|Any CPU
		{30024B6F-7BC1-4574-BE5A-924FBD6EAF83}.Release|Any CPU.ActiveCfg = Release|Any CPU
		{30024B6F-7BC1-4574-BE5A-924FBD6EAF83}.Release|Any CPU.Build.0 = Release|Any CPU
		{8BE1EECC-3ACF-41B2-AF7D-1A67196FF6C7}.Debug|Any CPU.ActiveCfg = Debug|Any CPU
		{8BE1EECC-3ACF-41B2-AF7D-1A67196FF6C7}.Debug|Any CPU.Build.0 = Debug|Any CPU
		{8BE1EECC-3ACF-41B2-AF7D-1A67196FF6C7}.Release|Any CPU.ActiveCfg = Release|Any CPU
		{8BE1EECC-3ACF-41B2-AF7D-1A67196FF6C7}.Release|Any CPU.Build.0 = Release|Any CPU
		{0F41F702-A691-4E51-96A9-DF9813E47D8F}.Debug|Any CPU.ActiveCfg = Debug|Any CPU
		{0F41F702-A691-4E51-96A9-DF9813E47D8F}.Debug|Any CPU.Build.0 = Debug|Any CPU
		{0F41F702-A691-4E51-96A9-DF9813E47D8F}.Release|Any CPU.ActiveCfg = Release|Any CPU
		{0F41F702-A691-4E51-96A9-DF9813E47D8F}.Release|Any CPU.Build.0 = Release|Any CPU
	EndGlobalSection
	GlobalSection(SolutionProperties) = preSolution
		HideSolutionNode = FALSE
	EndGlobalSection
	GlobalSection(NestedProjects) = preSolution
		{851FBF0D-21A8-4C04-A040-24B6AAE31D2C} = {9ADA26E0-F328-4466-908A-2FA506DBDF7D}
		{00C143BA-F1CF-4117-9DE6-E73DC4D208F8} = {5BD04C26-CE52-4893-8C1A-479705195CEF}
		{19AA450A-2F87-49BD-9122-8AD07D4C6DCE} = {FEB257A0-4FD3-495E-9A47-9E1649755445}
		{C7290227-E925-47E7-8B6B-A8B171645D58} = {5BD04C26-CE52-4893-8C1A-479705195CEF}
		{5C15E79C-19C4-4FF4-BB82-28754FE3966B} = {C7290227-E925-47E7-8B6B-A8B171645D58}
		{A405F4A0-5938-4139-B2DF-ED9A05EC3D7C} = {B6111602-2DC4-4B2F-9598-E3EE1972D3E4}
		{A748041C-EF9A-4E88-B6FB-9F2D6CB79170} = {FEB257A0-4FD3-495E-9A47-9E1649755445}
		{EA43BB7C-BC00-4701-BDF4-367880C2495C} = {C7290227-E925-47E7-8B6B-A8B171645D58}
		{30024B6F-7BC1-4574-BE5A-924FBD6EAF83} = {FEB257A0-4FD3-495E-9A47-9E1649755445}
		{8BE1EECC-3ACF-41B2-AF7D-1A67196FF6C7} = {C7290227-E925-47E7-8B6B-A8B171645D58}
		{0F41F702-A691-4E51-96A9-DF9813E47D8F} = {9ADA26E0-F328-4466-908A-2FA506DBDF7D}
	EndGlobalSection
	GlobalSection(ExtensibilityGlobals) = postSolution
		SolutionGuid = {4795CF16-0FDB-4BE0-9768-5CF31564DC03}
	EndGlobalSection
EndGlobal
